
Microsoft Visual Studio Solution File, Format Version 12.00
# Visual Studio Version 16
VisualStudioVersion = 16.0.31424.327
MinimumVisualStudioVersion = 10.0.40219.1
Project("{FAE04EC0-301F-11D3-BF4B-00C04F79EFBC}") = "CursoIntroducaoCSharp", "CursoIntroducaoCSharp\CursoIntroducaoCSharp.csproj", "{FBCE2DAE-D24C-401C-88C3-72F8FCF3427C}"
EndProject
Global
	GlobalSection(SolutionConfigurationPlatforms) = preSolution
		Debug|Any CPU = Debug|Any CPU
		Release|Any CPU = Release|Any CPU
	EndGlobalSection
	GlobalSection(ProjectConfigurationPlatforms) = postSolution
		{FBCE2DAE-D24C-401C-88C3-72F8FCF3427C}.Debug|Any CPU.ActiveCfg = Debug|Any CPU
		{FBCE2DAE-D24C-401C-88C3-72F8FCF3427C}.Debug|Any CPU.Build.0 = Debug|Any CPU
		{FBCE2DAE-D24C-401C-88C3-72F8FCF3427C}.Release|Any CPU.ActiveCfg = Release|Any CPU
		{FBCE2DAE-D24C-401C-88C3-72F8FCF3427C}.Release|Any CPU.Build.0 = Release|Any CPU
	EndGlobalSection
	GlobalSection(SolutionProperties) = preSolution
		HideSolutionNode = FALSE
	EndGlobalSection
	GlobalSection(ExtensibilityGlobals) = postSolution
		SolutionGuid = {919DDB82-42E6-4B10-A025-1FF50B00EAC8}
	EndGlobalSection
EndGlobal
